
Microsoft Visual Studio Solution File, Format Version 12.00
# Visual Studio Version 17
VisualStudioVersion = 17.9.34902.65
MinimumVisualStudioVersion = 10.0.40219.1
Project("{9A19103F-16F7-4668-BE54-9A1E7A4F7556}") = "Web.Api", "src\Web.Api\Web.Api.csproj", "{1F3F01A1-8CD1-4280-B137-9B395CC76AC4}"
EndProject
Project("{2150E333-8FDC-42A3-9474-1A3956D46DE8}") = "Tests", "Tests", "{98F43AEE-B4AD-4575-97C4-D41C516CF535}"
EndProject
Project("{9A19103F-16F7-4668-BE54-9A1E7A4F7556}") = "Core", "src\Core\Core.csproj", "{2DE5EB99-9C40-4D48-A0EE-D3452AB2C11D}"
EndProject
Project("{9A19103F-16F7-4668-BE54-9A1E7A4F7556}") = "Infra", "src\Infra\Infra.csproj", "{FF27D9D9-303E-4A99-A120-512FA88A0445}"
EndProject
Project("{2150E333-8FDC-42A3-9474-1A3956D46DE8}") = "Libs", "Libs", "{50072965-C627-4166-A195-45C89F2EB785}"
EndProject
Project("{9A19103F-16F7-4668-BE54-9A1E7A4F7556}") = "Libs.AspNetCore", "libs\Libs.AspNetCore\Libs.AspNetCore.csproj", "{371C0480-0D44-41BA-9C02-33094CF54418}"
EndProject
Project("{9A19103F-16F7-4668-BE54-9A1E7A4F7556}") = "Libs.Core", "libs\Libs.Core\Libs.Core.csproj", "{FFCD252E-BD28-4A5D-9618-4D7BE59B6E83}"
EndProject
Project("{9A19103F-16F7-4668-BE54-9A1E7A4F7556}") = "Libs.Infra.Postgres", "libs\Libs.Infra.Postgres\Libs.Infra.Postgres.csproj", "{4A6FC21B-10E9-43D3-A762-5D5D2742FE6F}"
EndProject
Project("{2150E333-8FDC-42A3-9474-1A3956D46DE8}") = "Docs", "Docs", "{EC17D981-9894-4DF6-B685-F17219AFCEF8}"
	ProjectSection(SolutionItems) = preProject
		..\..\makefile = ..\..\makefile
	EndProjectSection
EndProject
Project("{2150E333-8FDC-42A3-9474-1A3956D46DE8}") = "Tools", "Tools", "{2FC1B750-17EE-4768-8F04-CB6CCDED4F9F}"
EndProject
Project("{FAE04EC0-301F-11D3-BF4B-00C04F79EFBC}") = "Migrations", "tools\Migrations\Migrations.csproj", "{6B2E46CF-CD3F-49E0-AB9A-BC7B6988C8D5}"
EndProject
Project("{FAE04EC0-301F-11D3-BF4B-00C04F79EFBC}") = "Libs.Infra.LiteDb", "libs\Libs.Infra.LiteDb\Libs.Infra.LiteDb.csproj", "{C6728094-3080-4202-A2E8-6E8CD721599C}"
EndProject
Project("{FAE04EC0-301F-11D3-BF4B-00C04F79EFBC}") = "Libs.Infra.Mongo", "libs\Libs.Infra.Mongo\Libs.Infra.Mongo.csproj", "{A7602353-4AEA-4247-8569-CBD7A2379A2E}"
EndProject
Project("{2150E333-8FDC-42A3-9474-1A3956D46DE8}") = "Libs", "Libs", "{AED7F70A-0A58-4BA7-80E1-B4DFA8EC9432}"
EndProject
Project("{2150E333-8FDC-42A3-9474-1A3956D46DE8}") = "App", "App", "{62D84F8B-B899-49AB-A9A2-8C96F83A3319}"
EndProject
Project("{FAE04EC0-301F-11D3-BF4B-00C04F79EFBC}") = "Web.Api.Tests", "tests\app\Web.Api.Tests\Web.Api.Tests.csproj", "{0B0965BF-91EA-4978-9CF5-D74B7F21418A}"
EndProject
Project("{FAE04EC0-301F-11D3-BF4B-00C04F79EFBC}") = "Playground.Tests", "tests\Playground.Tests\Playground.Tests.csproj", "{EDFF2575-984D-4DCB-A864-8997056AB3DA}"
EndProject
Project("{FAE04EC0-301F-11D3-BF4B-00C04F79EFBC}") = "Libs.Core.Tests", "tests\libs\Libs.Core.Tests\Libs.Core.Tests.csproj", "{7BE381AB-A5F0-440B-8650-FA8F9AFB08AA}"
EndProject
Project("{FAE04EC0-301F-11D3-BF4B-00C04F79EFBC}") = "Libs.Serilog", "libs\Libs.Serilog\Libs.Serilog.csproj", "{FAC24628-D4B2-4A4C-BAA6-70D1AC64CB28}"
EndProject
Project("{FAE04EC0-301F-11D3-BF4B-00C04F79EFBC}") = "Libs.Telemetry", "libs\Libs.Telemetry\Libs.Telemetry.csproj", "{A6FD5F9D-8693-4DD8-A27D-9AF707FD423A}"
EndProject
Global
	GlobalSection(SolutionConfigurationPlatforms) = preSolution
		Debug|Any CPU = Debug|Any CPU
		Release|Any CPU = Release|Any CPU
	EndGlobalSection
	GlobalSection(ProjectConfigurationPlatforms) = postSolution
		{1F3F01A1-8CD1-4280-B137-9B395CC76AC4}.Debug|Any CPU.ActiveCfg = Debug|Any CPU
		{1F3F01A1-8CD1-4280-B137-9B395CC76AC4}.Debug|Any CPU.Build.0 = Debug|Any CPU
		{1F3F01A1-8CD1-4280-B137-9B395CC76AC4}.Release|Any CPU.ActiveCfg = Release|Any CPU
		{1F3F01A1-8CD1-4280-B137-9B395CC76AC4}.Release|Any CPU.Build.0 = Release|Any CPU
		{2DE5EB99-9C40-4D48-A0EE-D3452AB2C11D}.Debug|Any CPU.ActiveCfg = Debug|Any CPU
		{2DE5EB99-9C40-4D48-A0EE-D3452AB2C11D}.Debug|Any CPU.Build.0 = Debug|Any CPU
		{2DE5EB99-9C40-4D48-A0EE-D3452AB2C11D}.Release|Any CPU.ActiveCfg = Release|Any CPU
		{2DE5EB99-9C40-4D48-A0EE-D3452AB2C11D}.Release|Any CPU.Build.0 = Release|Any CPU
		{FF27D9D9-303E-4A99-A120-512FA88A0445}.Debug|Any CPU.ActiveCfg = Debug|Any CPU
		{FF27D9D9-303E-4A99-A120-512FA88A0445}.Debug|Any CPU.Build.0 = Debug|Any CPU
		{FF27D9D9-303E-4A99-A120-512FA88A0445}.Release|Any CPU.ActiveCfg = Release|Any CPU
		{FF27D9D9-303E-4A99-A120-512FA88A0445}.Release|Any CPU.Build.0 = Release|Any CPU
		{371C0480-0D44-41BA-9C02-33094CF54418}.Debug|Any CPU.ActiveCfg = Debug|Any CPU
		{371C0480-0D44-41BA-9C02-33094CF54418}.Debug|Any CPU.Build.0 = Debug|Any CPU
		{371C0480-0D44-41BA-9C02-33094CF54418}.Release|Any CPU.ActiveCfg = Release|Any CPU
		{371C0480-0D44-41BA-9C02-33094CF54418}.Release|Any CPU.Build.0 = Release|Any CPU
		{FFCD252E-BD28-4A5D-9618-4D7BE59B6E83}.Debug|Any CPU.ActiveCfg = Debug|Any CPU
		{FFCD252E-BD28-4A5D-9618-4D7BE59B6E83}.Debug|Any CPU.Build.0 = Debug|Any CPU
		{FFCD252E-BD28-4A5D-9618-4D7BE59B6E83}.Release|Any CPU.ActiveCfg = Release|Any CPU
		{FFCD252E-BD28-4A5D-9618-4D7BE59B6E83}.Release|Any CPU.Build.0 = Release|Any CPU
		{4A6FC21B-10E9-43D3-A762-5D5D2742FE6F}.Debug|Any CPU.ActiveCfg = Debug|Any CPU
		{4A6FC21B-10E9-43D3-A762-5D5D2742FE6F}.Debug|Any CPU.Build.0 = Debug|Any CPU
		{4A6FC21B-10E9-43D3-A762-5D5D2742FE6F}.Release|Any CPU.ActiveCfg = Release|Any CPU
		{4A6FC21B-10E9-43D3-A762-5D5D2742FE6F}.Release|Any CPU.Build.0 = Release|Any CPU
		{6B2E46CF-CD3F-49E0-AB9A-BC7B6988C8D5}.Debug|Any CPU.ActiveCfg = Debug|Any CPU
		{6B2E46CF-CD3F-49E0-AB9A-BC7B6988C8D5}.Debug|Any CPU.Build.0 = Debug|Any CPU
		{6B2E46CF-CD3F-49E0-AB9A-BC7B6988C8D5}.Release|Any CPU.ActiveCfg = Release|Any CPU
		{6B2E46CF-CD3F-49E0-AB9A-BC7B6988C8D5}.Release|Any CPU.Build.0 = Release|Any CPU
		{C6728094-3080-4202-A2E8-6E8CD721599C}.Debug|Any CPU.ActiveCfg = Debug|Any CPU
		{C6728094-3080-4202-A2E8-6E8CD721599C}.Debug|Any CPU.Build.0 = Debug|Any CPU
		{C6728094-3080-4202-A2E8-6E8CD721599C}.Release|Any CPU.ActiveCfg = Release|Any CPU
		{C6728094-3080-4202-A2E8-6E8CD721599C}.Release|Any CPU.Build.0 = Release|Any CPU
		{A7602353-4AEA-4247-8569-CBD7A2379A2E}.Debug|Any CPU.ActiveCfg = Debug|Any CPU
		{A7602353-4AEA-4247-8569-CBD7A2379A2E}.Debug|Any CPU.Build.0 = Debug|Any CPU
		{A7602353-4AEA-4247-8569-CBD7A2379A2E}.Release|Any CPU.ActiveCfg = Release|Any CPU
		{A7602353-4AEA-4247-8569-CBD7A2379A2E}.Release|Any CPU.Build.0 = Release|Any CPU
		{0B0965BF-91EA-4978-9CF5-D74B7F21418A}.Debug|Any CPU.ActiveCfg = Debug|Any CPU
		{0B0965BF-91EA-4978-9CF5-D74B7F21418A}.Debug|Any CPU.Build.0 = Debug|Any CPU
		{0B0965BF-91EA-4978-9CF5-D74B7F21418A}.Release|Any CPU.ActiveCfg = Release|Any CPU
		{0B0965BF-91EA-4978-9CF5-D74B7F21418A}.Release|Any CPU.Build.0 = Release|Any CPU
		{EDFF2575-984D-4DCB-A864-8997056AB3DA}.Debug|Any CPU.ActiveCfg = Debug|Any CPU
		{EDFF2575-984D-4DCB-A864-8997056AB3DA}.Debug|Any CPU.Build.0 = Debug|Any CPU
		{EDFF2575-984D-4DCB-A864-8997056AB3DA}.Release|Any CPU.ActiveCfg = Release|Any CPU
		{EDFF2575-984D-4DCB-A864-8997056AB3DA}.Release|Any CPU.Build.0 = Release|Any CPU
		{7BE381AB-A5F0-440B-8650-FA8F9AFB08AA}.Debug|Any CPU.ActiveCfg = Debug|Any CPU
		{7BE381AB-A5F0-440B-8650-FA8F9AFB08AA}.Debug|Any CPU.Build.0 = Debug|Any CPU
		{7BE381AB-A5F0-440B-8650-FA8F9AFB08AA}.Release|Any CPU.ActiveCfg = Release|Any CPU
		{7BE381AB-A5F0-440B-8650-FA8F9AFB08AA}.Release|Any CPU.Build.0 = Release|Any CPU
		{FAC24628-D4B2-4A4C-BAA6-70D1AC64CB28}.Debug|Any CPU.ActiveCfg = Debug|Any CPU
		{FAC24628-D4B2-4A4C-BAA6-70D1AC64CB28}.Debug|Any CPU.Build.0 = Debug|Any CPU
		{FAC24628-D4B2-4A4C-BAA6-70D1AC64CB28}.Release|Any CPU.ActiveCfg = Release|Any CPU
		{FAC24628-D4B2-4A4C-BAA6-70D1AC64CB28}.Release|Any CPU.Build.0 = Release|Any CPU
		{A6FD5F9D-8693-4DD8-A27D-9AF707FD423A}.Debug|Any CPU.ActiveCfg = Debug|Any CPU
		{A6FD5F9D-8693-4DD8-A27D-9AF707FD423A}.Debug|Any CPU.Build.0 = Debug|Any CPU
		{A6FD5F9D-8693-4DD8-A27D-9AF707FD423A}.Release|Any CPU.ActiveCfg = Release|Any CPU
		{A6FD5F9D-8693-4DD8-A27D-9AF707FD423A}.Release|Any CPU.Build.0 = Release|Any CPU
	EndGlobalSection
	GlobalSection(SolutionProperties) = preSolution
		HideSolutionNode = FALSE
	EndGlobalSection
	GlobalSection(NestedProjects) = preSolution
		{371C0480-0D44-41BA-9C02-33094CF54418} = {50072965-C627-4166-A195-45C89F2EB785}
		{FFCD252E-BD28-4A5D-9618-4D7BE59B6E83} = {50072965-C627-4166-A195-45C89F2EB785}
		{4A6FC21B-10E9-43D3-A762-5D5D2742FE6F} = {50072965-C627-4166-A195-45C89F2EB785}
		{6B2E46CF-CD3F-49E0-AB9A-BC7B6988C8D5} = {2FC1B750-17EE-4768-8F04-CB6CCDED4F9F}
		{C6728094-3080-4202-A2E8-6E8CD721599C} = {50072965-C627-4166-A195-45C89F2EB785}
		{A7602353-4AEA-4247-8569-CBD7A2379A2E} = {50072965-C627-4166-A195-45C89F2EB785}
		{AED7F70A-0A58-4BA7-80E1-B4DFA8EC9432} = {98F43AEE-B4AD-4575-97C4-D41C516CF535}
		{62D84F8B-B899-49AB-A9A2-8C96F83A3319} = {98F43AEE-B4AD-4575-97C4-D41C516CF535}
		{0B0965BF-91EA-4978-9CF5-D74B7F21418A} = {62D84F8B-B899-49AB-A9A2-8C96F83A3319}
		{EDFF2575-984D-4DCB-A864-8997056AB3DA} = {98F43AEE-B4AD-4575-97C4-D41C516CF535}
		{7BE381AB-A5F0-440B-8650-FA8F9AFB08AA} = {AED7F70A-0A58-4BA7-80E1-B4DFA8EC9432}
		{FAC24628-D4B2-4A4C-BAA6-70D1AC64CB28} = {50072965-C627-4166-A195-45C89F2EB785}
		{A6FD5F9D-8693-4DD8-A27D-9AF707FD423A} = {50072965-C627-4166-A195-45C89F2EB785}
	EndGlobalSection
	GlobalSection(ExtensibilityGlobals) = postSolution
		SolutionGuid = {82F14EFB-3BA2-44A3-BA19-3D401A92CC78}
	EndGlobalSection
EndGlobal
